
Microsoft Visual Studio Solution File, Format Version 12.00
# Visual Studio Version 17
VisualStudioVersion = 17.12.35506.116 d17.12
MinimumVisualStudioVersion = 10.0.40219.1
Project("{FAE04EC0-301F-11D3-BF4B-00C04F79EFBC}") = "Strada.WebApi", "Strada.WebApi\Strada.WebApi.csproj", "{390E8D2A-D2B2-4297-A526-3303574FC3C8}"
EndProject
Project("{FAE04EC0-301F-11D3-BF4B-00C04F79EFBC}") = "Strada.Repository", "Strada.Repository\Strada.Repository.csproj", "{94528F76-06CE-4542-9FC8-9B996539D102}"
EndProject
Global
	GlobalSection(SolutionConfigurationPlatforms) = preSolution
		Debug|Any CPU = Debug|Any CPU
		Release|Any CPU = Release|Any CPU
	EndGlobalSection
	GlobalSection(ProjectConfigurationPlatforms) = postSolution
		{390E8D2A-D2B2-4297-A526-3303574FC3C8}.Debug|Any CPU.ActiveCfg = Debug|Any CPU
		{390E8D2A-D2B2-4297-A526-3303574FC3C8}.Debug|Any CPU.Build.0 = Debug|Any CPU
		{390E8D2A-D2B2-4297-A526-3303574FC3C8}.Release|Any CPU.ActiveCfg = Release|Any CPU
		{390E8D2A-D2B2-4297-A526-3303574FC3C8}.Release|Any CPU.Build.0 = Release|Any CPU
		{94528F76-06CE-4542-9FC8-9B996539D102}.Debug|Any CPU.ActiveCfg = Debug|Any CPU
		{94528F76-06CE-4542-9FC8-9B996539D102}.Debug|Any CPU.Build.0 = Debug|Any CPU
		{94528F76-06CE-4542-9FC8-9B996539D102}.Release|Any CPU.ActiveCfg = Release|Any CPU
		{94528F76-06CE-4542-9FC8-9B996539D102}.Release|Any CPU.Build.0 = Release|Any CPU
	EndGlobalSection
	GlobalSection(SolutionProperties) = preSolution
		HideSolutionNode = FALSE
	EndGlobalSection
EndGlobal
